
Microsoft Visual Studio Solution File, Format Version 12.00
# Visual Studio Version 17
VisualStudioVersion = 17.7.34009.444
MinimumVisualStudioVersion = 10.0.40219.1
Project("{FAE04EC0-301F-11D3-BF4B-00C04F79EFBC}") = "Program", "Program\Program.csproj", "{570EB9DB-8D8D-45D0-AD3E-3A3C2661FB89}"
EndProject
Project("{FAE04EC0-301F-11D3-BF4B-00C04F79EFBC}") = "Board", "Board\Board.csproj", "{C23220AE-0CAF-45E0-83AA-7089035A31E5}"
EndProject
Project("{FAE04EC0-301F-11D3-BF4B-00C04F79EFBC}") = "Game", "Game\Game.csproj", "{1E2DD99E-977B-4462-A590-C3C5B8704DF5}"
EndProject
Project("{FAE04EC0-301F-11D3-BF4B-00C04F79EFBC}") = "Guess", "Guess\Guess.csproj", "{676BDC78-1469-42B6-8FAF-3EA0E08AFE3C}"
EndProject
Project("{FAE04EC0-301F-11D3-BF4B-00C04F79EFBC}") = "SecretCode", "SecretCode\SecretCode.csproj", "{6F5F98EA-3ED0-4403-9BF9-04ACFD4DF9C9}"
EndProject
Global
	GlobalSection(SolutionConfigurationPlatforms) = preSolution
		Debug|Any CPU = Debug|Any CPU
		Release|Any CPU = Release|Any CPU
	EndGlobalSection
	GlobalSection(ProjectConfigurationPlatforms) = postSolution
		{570EB9DB-8D8D-45D0-AD3E-3A3C2661FB89}.Debug|Any CPU.ActiveCfg = Debug|Any CPU
		{570EB9DB-8D8D-45D0-AD3E-3A3C2661FB89}.Debug|Any CPU.Build.0 = Debug|Any CPU
		{570EB9DB-8D8D-45D0-AD3E-3A3C2661FB89}.Release|Any CPU.ActiveCfg = Release|Any CPU
		{570EB9DB-8D8D-45D0-AD3E-3A3C2661FB89}.Release|Any CPU.Build.0 = Release|Any CPU
		{C23220AE-0CAF-45E0-83AA-7089035A31E5}.Debug|Any CPU.ActiveCfg = Debug|Any CPU
		{C23220AE-0CAF-45E0-83AA-7089035A31E5}.Debug|Any CPU.Build.0 = Debug|Any CPU
		{C23220AE-0CAF-45E0-83AA-7089035A31E5}.Release|Any CPU.ActiveCfg = Release|Any CPU
		{C23220AE-0CAF-45E0-83AA-7089035A31E5}.Release|Any CPU.Build.0 = Release|Any CPU
		{1E2DD99E-977B-4462-A590-C3C5B8704DF5}.Debug|Any CPU.ActiveCfg = Debug|Any CPU
		{1E2DD99E-977B-4462-A590-C3C5B8704DF5}.Debug|Any CPU.Build.0 = Debug|Any CPU
		{1E2DD99E-977B-4462-A590-C3C5B8704DF5}.Release|Any CPU.ActiveCfg = Release|Any CPU
		{1E2DD99E-977B-4462-A590-C3C5B8704DF5}.Release|Any CPU.Build.0 = Release|Any CPU
		{676BDC78-1469-42B6-8FAF-3EA0E08AFE3C}.Debug|Any CPU.ActiveCfg = Debug|Any CPU
		{676BDC78-1469-42B6-8FAF-3EA0E08AFE3C}.Debug|Any CPU.Build.0 = Debug|Any CPU
		{676BDC78-1469-42B6-8FAF-3EA0E08AFE3C}.Release|Any CPU.ActiveCfg = Release|Any CPU
		{676BDC78-1469-42B6-8FAF-3EA0E08AFE3C}.Release|Any CPU.Build.0 = Release|Any CPU
		{6F5F98EA-3ED0-4403-9BF9-04ACFD4DF9C9}.Debug|Any CPU.ActiveCfg = Debug|Any CPU
		{6F5F98EA-3ED0-4403-9BF9-04ACFD4DF9C9}.Debug|Any CPU.Build.0 = Debug|Any CPU
		{6F5F98EA-3ED0-4403-9BF9-04ACFD4DF9C9}.Release|Any CPU.ActiveCfg = Release|Any CPU
		{6F5F98EA-3ED0-4403-9BF9-04ACFD4DF9C9}.Release|Any CPU.Build.0 = Release|Any CPU
	EndGlobalSection
	GlobalSection(SolutionProperties) = preSolution
		HideSolutionNode = FALSE
	EndGlobalSection
	GlobalSection(ExtensibilityGlobals) = postSolution
		SolutionGuid = {5D8BC881-0361-44AB-8EA5-1A3B6BF6484E}
	EndGlobalSection
EndGlobal
